
Microsoft Visual Studio Solution File, Format Version 12.00
# Visual Studio Version 16
VisualStudioVersion = 16.0.30717.126
MinimumVisualStudioVersion = 10.0.40219.1
Project("{FAE04EC0-301F-11D3-BF4B-00C04F79EFBC}") = "RentalsUnitedAPI", "RentalsUnitedAPI.csproj", "{CEA757B6-6DB4-44D6-A262-92B11B57FB55}"
EndProject
Global
	GlobalSection(SolutionConfigurationPlatforms) = preSolution
		Debug|Any CPU = Debug|Any CPU
		Release|Any CPU = Release|Any CPU
	EndGlobalSection
	GlobalSection(ProjectConfigurationPlatforms) = postSolution
		{CEA757B6-6DB4-44D6-A262-92B11B57FB55}.Debug|Any CPU.ActiveCfg = Debug|Any CPU
		{CEA757B6-6DB4-44D6-A262-92B11B57FB55}.Debug|Any CPU.Build.0 = Debug|Any CPU
		{CEA757B6-6DB4-44D6-A262-92B11B57FB55}.Release|Any CPU.ActiveCfg = Release|Any CPU
		{CEA757B6-6DB4-44D6-A262-92B11B57FB55}.Release|Any CPU.Build.0 = Release|Any CPU
	EndGlobalSection
	GlobalSection(SolutionProperties) = preSolution
		HideSolutionNode = FALSE
	EndGlobalSection
	GlobalSection(ExtensibilityGlobals) = postSolution
		SolutionGuid = {F5EFC498-A976-4A27-B769-F87EAA50EFE7}
	EndGlobalSection
EndGlobal
